hash: b0b9a016b7766ef8cdcc713a2252127485f90b53cd78a0ef5a65e9626cc3116d
updated: 2016-11-16T15:36:09.623992348+08:00
imports:
- name: github.com/nlopes/slack
  version: e595e9d8590a04ff76407e4e7d1791d25b095c66
- name: golang.org/x/net
  version: 5bc3a08dc8042ac11f2752c257a2367c02ba32e8
  subpackages:
  - websocket
testImports: []
