# This file is autogenerated, do not edit; changes may be undone by the next 'dep ensure'.


[[projects]]
  name = "github.com/boltdb/bolt"
  packages = ["."]
  revision = "2f1ce7a837dcb8da3ec595b1dac9d0632f0f99e8"
  version = "v1.3.1"

[[projects]]
  branch = "v1"
  name = "github.com/dutchcoders/goftp"
  packages = ["."]
  revision = "ed59a591ce14ff6c19c49be14294528d11a88c37"

[[projects]]
  branch = "master"
  name = "github.com/micro/cli"
  packages = ["."]
  revision = "3d2263bb092286dde294a31049c92665f8373820"

[[projects]]
  branch = "master"
  name = "github.com/nlopes/slack"
  packages = ["."]
  revision = "cd00933611d778bfac4ef1d32b7d3176c6c870d0"

[[projects]]
  name = "github.com/pkg/errors"
  packages = ["."]
  revision = "645ef00459ed84a119197bfb8d8205042c6df63d"
  version = "v0.8.0"

[[projects]]
  branch = "master"
  name = "golang.org/x/net"
  packages = ["websocket"]
  revision = "d866cfc389cec985d6fda2859936a575a55a3ab6"

[[projects]]
  branch = "master"
  name = "golang.org/x/sys"
  packages = ["unix"]
  revision = "83801418e1b59fb1880e363299581ee543af32ca"

[[projects]]
  branch = "v2"
  name = "gopkg.in/urfave/cli.v2"
  packages = ["."]
  revision = "b2bf3c5abeb90da407891aecd1df2c5a1f6170c1"

[solve-meta]
  analyzer-name = "dep"
  analyzer-version = 1
  inputs-digest = "cee202eca2d12f4260ea8de02335739d1afa00472b6a93e21e5f027530202f7b"
  solver-name = "gps-cdcl"
  solver-version = 1
